
Microsoft Visual Studio Solution File, Format Version 12.00
# Visual Studio Version 17
VisualStudioVersion = 17.0.32014.148
MinimumVisualStudioVersion = 10.0.40219.1
Project("{8BC9CEB8-8B4A-11D0-8D11-00A0C91BC942}") = "OnTapOOP", "OnTapOOP\OnTapOOP.vcxproj", "{3681A7C2-3C5E-46AF-9015-81FF728B67C4}"
EndProject
Project("{8BC9CEB8-8B4A-11D0-8D11-00A0C91BC942}") = "Bai03_UIT", "Bai03_UIT\Bai03_UIT.vcxproj", "{DAC52366-20CE-4DB6-AAF2-FA990962EE9E}"
EndProject
Global
	GlobalSection(SolutionConfigurationPlatforms) = preSolution
		Debug|x64 = Debug|x64
		Debug|x86 = Debug|x86
		Release|x64 = Release|x64
		Release|x86 = Release|x86
	EndGlobalSection
	GlobalSection(ProjectConfigurationPlatforms) = postSolution
		{3681A7C2-3C5E-46AF-9015-81FF728B67C4}.Debug|x64.ActiveCfg = Debug|x64
		{3681A7C2-3C5E-46AF-9015-81FF728B67C4}.Debug|x64.Build.0 = Debug|x64
		{3681A7C2-3C5E-46AF-9015-81FF728B67C4}.Debug|x86.ActiveCfg = Debug|Win32
		{3681A7C2-3C5E-46AF-9015-81FF728B67C4}.Debug|x86.Build.0 = Debug|Win32
		{3681A7C2-3C5E-46AF-9015-81FF728B67C4}.Release|x64.ActiveCfg = Release|x64
		{3681A7C2-3C5E-46AF-9015-81FF728B67C4}.Release|x64.Build.0 = Release|x64
		{3681A7C2-3C5E-46AF-9015-81FF728B67C4}.Release|x86.ActiveCfg = Release|Win32
		{3681A7C2-3C5E-46AF-9015-81FF728B67C4}.Release|x86.Build.0 = Release|Win32
		{DAC52366-20CE-4DB6-AAF2-FA990962EE9E}.Debug|x64.ActiveCfg = Debug|x64
		{DAC52366-20CE-4DB6-AAF2-FA990962EE9E}.Debug|x64.Build.0 = Debug|x64
		{DAC52366-20CE-4DB6-AAF2-FA990962EE9E}.Debug|x86.ActiveCfg = Debug|Win32
		{DAC52366-20CE-4DB6-AAF2-FA990962EE9E}.Debug|x86.Build.0 = Debug|Win32
		{DAC52366-20CE-4DB6-AAF2-FA990962EE9E}.Release|x64.ActiveCfg = Release|x64
		{DAC52366-20CE-4DB6-AAF2-FA990962EE9E}.Release|x64.Build.0 = Release|x64
		{DAC52366-20CE-4DB6-AAF2-FA990962EE9E}.Release|x86.ActiveCfg = Release|Win32
		{DAC52366-20CE-4DB6-AAF2-FA990962EE9E}.Release|x86.Build.0 = Release|Win32
	EndGlobalSection
	GlobalSection(SolutionProperties) = preSolution
		HideSolutionNode = FALSE
	EndGlobalSection
	GlobalSection(ExtensibilityGlobals) = postSolution
		SolutionGuid = {78C13C14-135F-4D69-B6DF-33553D8E0F03}
	EndGlobalSection
EndGlobal
